
Microsoft Visual Studio Solution File, Format Version 12.00
# Visual Studio 15
Project("{FAE04EC0-301F-11D3-BF4B-00C04F79EFBC}") = "Artees.SemanticVersioning", "Artees.SemanticVersioning.csproj", "{9BE5B37B-A372-82DA-B957-0C209FFE4D8D}"
EndProject
Project("{FAE04EC0-301F-11D3-BF4B-00C04F79EFBC}") = "Unity.Rider.Editor", "Unity.Rider.Editor.csproj", "{76584BE5-BCC2-F8E9-20E7-E7EE662102B7}"
EndProject
Project("{FAE04EC0-301F-11D3-BF4B-00C04F79EFBC}") = "ET.Init.Editor", "ET.Init.Editor.csproj", "{D35D5A51-44F3-AAB9-6B8C-86069E6F1B6D}"
EndProject
Project("{FAE04EC0-301F-11D3-BF4B-00C04F79EFBC}") = "Halodi.PackageRegistryManager.Editor", "Halodi.PackageRegistryManager.Editor.csproj", "{26F7EA47-23AC-83C5-93CD-B6BE2035DECD}"
EndProject
Project("{FAE04EC0-301F-11D3-BF4B-00C04F79EFBC}") = "Halodi.PackageRegistryManager.Tests", "Halodi.PackageRegistryManager.Tests.csproj", "{9D618971-6C26-2395-B11C-799D1A366EBF}"
EndProject
Global
	GlobalSection(SolutionConfigurationPlatforms) = preSolution
		Debug|Any CPU = Debug|Any CPU
		Release|Any CPU = Release|Any CPU
	EndGlobalSection
	GlobalSection(ProjectConfigurationPlatforms) = postSolution
		{9BE5B37B-A372-82DA-B957-0C209FFE4D8D}.Debug|Any CPU.ActiveCfg = Debug|Any CPU
		{9BE5B37B-A372-82DA-B957-0C209FFE4D8D}.Debug|Any CPU.Build.0 = Debug|Any CPU
		{9BE5B37B-A372-82DA-B957-0C209FFE4D8D}.Release|Any CPU.ActiveCfg = Release|Any CPU
		{9BE5B37B-A372-82DA-B957-0C209FFE4D8D}.Release|Any CPU.Build.0 = Release|Any CPU
		{76584BE5-BCC2-F8E9-20E7-E7EE662102B7}.Debug|Any CPU.ActiveCfg = Debug|Any CPU
		{76584BE5-BCC2-F8E9-20E7-E7EE662102B7}.Debug|Any CPU.Build.0 = Debug|Any CPU
		{76584BE5-BCC2-F8E9-20E7-E7EE662102B7}.Release|Any CPU.ActiveCfg = Release|Any CPU
		{76584BE5-BCC2-F8E9-20E7-E7EE662102B7}.Release|Any CPU.Build.0 = Release|Any CPU
		{D35D5A51-44F3-AAB9-6B8C-86069E6F1B6D}.Debug|Any CPU.ActiveCfg = Debug|Any CPU
		{D35D5A51-44F3-AAB9-6B8C-86069E6F1B6D}.Debug|Any CPU.Build.0 = Debug|Any CPU
		{D35D5A51-44F3-AAB9-6B8C-86069E6F1B6D}.Release|Any CPU.ActiveCfg = Release|Any CPU
		{D35D5A51-44F3-AAB9-6B8C-86069E6F1B6D}.Release|Any CPU.Build.0 = Release|Any CPU
		{26F7EA47-23AC-83C5-93CD-B6BE2035DECD}.Debug|Any CPU.ActiveCfg = Debug|Any CPU
		{26F7EA47-23AC-83C5-93CD-B6BE2035DECD}.Debug|Any CPU.Build.0 = Debug|Any CPU
		{26F7EA47-23AC-83C5-93CD-B6BE2035DECD}.Release|Any CPU.ActiveCfg = Release|Any CPU
		{26F7EA47-23AC-83C5-93CD-B6BE2035DECD}.Release|Any CPU.Build.0 = Release|Any CPU
		{9D618971-6C26-2395-B11C-799D1A366EBF}.Debug|Any CPU.ActiveCfg = Debug|Any CPU
		{9D618971-6C26-2395-B11C-799D1A366EBF}.Debug|Any CPU.Build.0 = Debug|Any CPU
		{9D618971-6C26-2395-B11C-799D1A366EBF}.Release|Any CPU.ActiveCfg = Release|Any CPU
		{9D618971-6C26-2395-B11C-799D1A366EBF}.Release|Any CPU.Build.0 = Release|Any CPU
	EndGlobalSection
	GlobalSection(SolutionProperties) = preSolution
		HideSolutionNode = FALSE
	EndGlobalSection
EndGlobal
